Microsoft Visual Studio Solution File, Format Version 12.00
# Visual Studio 15
VisualStudioVersion = 15.0.26730.10
MinimumVisualStudioVersion = 10.0.40219.1
Project("{D954291E-2A0B-460D-934E-DC6B0785DB48}") = "LiveVideoApp", "LiveVideoApp\LiveVideoApp\LiveVideoApp.shproj", "{3674294A-0AEC-4126-93F2-DA7C5ABA43C6}"
EndProject
Project("{FAE04EC0-301F-11D3-BF4B-00C04F79EFBC}") = "LiveVideoApp.Android", "LiveVideoApp\LiveVideoApp.Android\LiveVideoApp.Android.csproj", "{D8178B7C-D4C7-4D26-90A5-F879F5DFCA22}"
EndProject
Project("{FAE04EC0-301F-11D3-BF4B-00C04F79EFBC}") = "LiveVideoApp.iOS", "LiveVideoApp\LiveVideoApp.iOS\LiveVideoApp.iOS.csproj", "{AB5EAFA1-9117-4BC2-A8B1-F38A82FED9B2}"
EndProject
Project("{FAE04EC0-301F-11D3-BF4B-00C04F79EFBC}") = "LiveVideoApp.UWP", "LiveVideoApp\LiveVideoApp.UWP\LiveVideoApp.UWP.csproj", "{6B8BDB00-E205-4A80-B7D3-CC3D6EE28879}"
EndProject
Global
	GlobalSection(SharedMSBuildProjectFiles) = preSolution
		LiveVideoApp\LiveVideoApp\LiveVideoApp.projitems*{3674294a-0aec-4126-93f2-da7c5aba43c6}*SharedItemsImports = 13
		LiveVideoApp\LiveVideoApp\LiveVideoApp.projitems*{ab5eafa1-9117-4bc2-a8b1-f38a82fed9b2}*SharedItemsImports = 4
		LiveVideoApp\LiveVideoApp\LiveVideoApp.projitems*{d8178b7c-d4c7-4d26-90a5-f879f5dfca22}*SharedItemsImports = 4
	EndGlobalSection
	GlobalSection(SolutionConfigurationPlatforms) = preSolution
		Ad-Hoc|Any CPU = Ad-Hoc|Any CPU
		Ad-Hoc|ARM = Ad-Hoc|ARM
		Ad-Hoc|iPhone = Ad-Hoc|iPhone
		Ad-Hoc|iPhoneSimulator = Ad-Hoc|iPhoneSimulator
		Ad-Hoc|x64 = Ad-Hoc|x64
		Ad-Hoc|x86 = Ad-Hoc|x86
		AppStore|Any CPU = AppStore|Any CPU
		AppStore|ARM = AppStore|ARM
		AppStore|iPhone = AppStore|iPhone
		AppStore|iPhoneSimulator = AppStore|iPhoneSimulator
		AppStore|x64 = AppStore|x64
		AppStore|x86 = AppStore|x86
		Debug|Any CPU = Debug|Any CPU
		Debug|ARM = Debug|ARM
		Debug|iPhone = Debug|iPhone
		Debug|iPhoneSimulator = Debug|iPhoneSimulator
		Debug|x64 = Debug|x64
		Debug|x86 = Debug|x86
		Release|Any CPU = Release|Any CPU
		Release|ARM = Release|ARM
		Release|iPhone = Release|iPhone
		Release|iPhoneSimulator = Release|iPhoneSimulator
		Release|x64 = Release|x64
		Release|x86 = Release|x86
	EndGlobalSection
	GlobalSection(ProjectConfigurationPlatforms) = postSolution
		{D8178B7C-D4C7-4D26-90A5-F879F5DFCA22}.Ad-Hoc|Any CPU.ActiveCfg = Release|Any CPU
		{D8178B7C-D4C7-4D26-90A5-F879F5DFCA22}.Ad-Hoc|Any CPU.Build.0 = Release|Any CPU
		{D8178B7C-D4C7-4D26-90A5-F879F5DFCA22}.Ad-Hoc|Any CPU.Deploy.0 = Release|Any CPU
		{D8178B7C-D4C7-4D26-90A5-F879F5DFCA22}.Ad-Hoc|ARM.ActiveCfg = Release|Any CPU
		{D8178B7C-D4C7-4D26-90A5-F879F5DFCA22}.Ad-Hoc|ARM.Build.0 = Release|Any CPU
		{D8178B7C-D4C7-4D26-90A5-F879F5DFCA22}.Ad-Hoc|ARM.Deploy.0 = Release|Any CPU
		{D8178B7C-D4C7-4D26-90A5-F879F5DFCA22}.Ad-Hoc|iPhone.ActiveCfg = Release|Any CPU
		{D8178B7C-D4C7-4D26-90A5-F879F5DFCA22}.Ad-Hoc|iPhone.Build.0 = Release|Any CPU
		{D8178B7C-D4C7-4D26-90A5-F879F5DFCA22}.Ad-Hoc|iPhone.Deploy.0 = Release|Any CPU
		{D8178B7C-D4C7-4D26-90A5-F879F5DFCA22}.Ad-Hoc|iPhoneSimulator.ActiveCfg = Release|Any CPU
		{D8178B7C-D4C7-4D26-90A5-F879F5DFCA22}.Ad-Hoc|iPhoneSimulator.Build.0 = Release|Any CPU
		{D8178B7C-D4C7-4D26-90A5-F879F5DFCA22}.Ad-Hoc|iPhoneSimulator.Deploy.0 = Release|Any CPU
		{D8178B7C-D4C7-4D26-90A5-F879F5DFCA22}.Ad-Hoc|x64.ActiveCfg = Release|Any CPU
		{D8178B7C-D4C7-4D26-90A5-F879F5DFCA22}.Ad-Hoc|x64.Build.0 = Release|Any CPU
		{D8178B7C-D4C7-4D26-90A5-F879F5DFCA22}.Ad-Hoc|x64.Deploy.0 = Release|Any CPU
		{D8178B7C-D4C7-4D26-90A5-F879F5DFCA22}.Ad-Hoc|x86.ActiveCfg = Release|Any CPU
		{D8178B7C-D4C7-4D26-90A5-F879F5DFCA22}.Ad-Hoc|x86.Build.0 = Release|Any CPU
		{D8178B7C-D4C7-4D26-90A5-F879F5DFCA22}.Ad-Hoc|x86.Deploy.0 = Release|Any CPU
		{D8178B7C-D4C7-4D26-90A5-F879F5DFCA22}.AppStore|Any CPU.ActiveCfg = Release|Any CPU
		{D8178B7C-D4C7-4D26-90A5-F879F5DFCA22}.AppStore|Any CPU.Build.0 = Release|Any CPU
		{D8178B7C-D4C7-4D26-90A5-F879F5DFCA22}.AppStore|Any CPU.Deploy.0 = Release|Any CPU
		{D8178B7C-D4C7-4D26-90A5-F879F5DFCA22}.AppStore|ARM.ActiveCfg = Release|Any CPU
		{D8178B7C-D4C7-4D26-90A5-F879F5DFCA22}.AppStore|ARM.Build.0 = Release|Any CPU
		{D8178B7C-D4C7-4D26-90A5-F879F5DFCA22}.AppStore|ARM.Deploy.0 = Release|Any CPU
		{D8178B7C-D4C7-4D26-90A5-F879F5DFCA22}.AppStore|iPhone.ActiveCfg = Release|Any CPU
		{D8178B7C-D4C7-4D26-90A5-F879F5DFCA22}.AppStore|iPhone.Build.0 = Release|Any CPU
		{D8178B7C-D4C7-4D26-90A5-F879F5DFCA22}.AppStore|iPhone.Deploy.0 = Release|Any CPU
		{D8178B7C-D4C7-4D26-90A5-F879F5DFCA22}.AppStore|iPhoneSimulator.ActiveCfg = Release|Any CPU
		{D8178B7C-D4C7-4D26-90A5-F879F5DFCA22}.AppStore|iPhoneSimulator.Build.0 = Release|Any CPU
		{D8178B7C-D4C7-4D26-90A5-F879F5DFCA22}.AppStore|iPhoneSimulator.Deploy.0 = Release|Any CPU
		{D8178B7C-D4C7-4D26-90A5-F879F5DFCA22}.AppStore|x64.ActiveCfg = Release|Any CPU
		{D8178B7C-D4C7-4D26-90A5-F879F5DFCA22}.AppStore|x64.Build.0 = Release|Any CPU
		{D8178B7C-D4C7-4D26-90A5-F879F5DFCA22}.AppStore|x64.Deploy.0 = Release|Any CPU
		{D8178B7C-D4C7-4D26-90A5-F879F5DFCA22}.AppStore|x86.ActiveCfg = Release|Any CPU
		{D8178B7C-D4C7-4D26-90A5-F879F5DFCA22}.AppStore|x86.Build.0 = Release|Any CPU
		{D8178B7C-D4C7-4D26-90A5-F879F5DFCA22}.AppStore|x86.Deploy.0 = Release|Any CPU
		{D8178B7C-D4C7-4D26-90A5-F879F5DFCA22}.Debug|Any CPU.ActiveCfg = Debug|Any CPU
		{D8178B7C-D4C7-4D26-90A5-F879F5DFCA22}.Debug|Any CPU.Build.0 = Debug|Any CPU
		{D8178B7C-D4C7-4D26-90A5-F879F5DFCA22}.Debug|Any CPU.Deploy.0 = Debug|Any CPU
		{D8178B7C-D4C7-4D26-90A5-F879F5DFCA22}.Debug|ARM.ActiveCfg = Debug|Any CPU
		{D8178B7C-D4C7-4D26-90A5-F879F5DFCA22}.Debug|ARM.Build.0 = Debug|Any CPU
		{D8178B7C-D4C7-4D26-90A5-F879F5DFCA22}.Debug|ARM.Deploy.0 = Debug|Any CPU
		{D8178B7C-D4C7-4D26-90A5-F879F5DFCA22}.Debug|iPhone.ActiveCfg = Debug|Any CPU
		{D8178B7C-D4C7-4D26-90A5-F879F5DFCA22}.Debug|iPhone.Build.0 = Debug|Any CPU
		{D8178B7C-D4C7-4D26-90A5-F879F5DFCA22}.Debug|iPhone.Deploy.0 = Debug|Any CPU
		{D8178B7C-D4C7-4D26-90A5-F879F5DFCA22}.Debug|iPhoneSimulator.ActiveCfg = Debug|Any CPU
		{D8178B7C-D4C7-4D26-90A5-F879F5DFCA22}.Debug|iPhoneSimulator.Build.0 = Debug|Any CPU
		{D8178B7C-D4C7-4D26-90A5-F879F5DFCA22}.Debug|iPhoneSimulator.Deploy.0 = Debug|Any CPU
		{D8178B7C-D4C7-4D26-90A5-F879F5DFCA22}.Debug|x64.ActiveCfg = Debug|Any CPU
		{D8178B7C-D4C7-4D26-90A5-F879F5DFCA22}.Debug|x64.Build.0 = Debug|Any CPU
		{D8178B7C-D4C7-4D26-90A5-F879F5DFCA22}.Debug|x64.Deploy.0 = Debug|Any CPU
		{D8178B7C-D4C7-4D26-90A5-F879F5DFCA22}.Debug|x86.ActiveCfg = Debug|Any CPU
		{D8178B7C-D4C7-4D26-90A5-F879F5DFCA22}.Debug|x86.Build.0 = Debug|Any CPU
		{D8178B7C-D4C7-4D26-90A5-F879F5DFCA22}.Debug|x86.Deploy.0 = Debug|Any CPU
		{D8178B7C-D4C7-4D26-90A5-F879F5DFCA22}.Release|Any CPU.ActiveCfg = Release|Any CPU
		{D8178B7C-D4C7-4D26-90A5-F879F5DFCA22}.Release|Any CPU.Build.0 = Release|Any CPU
		{D8178B7C-D4C7-4D26-90A5-F879F5DFCA22}.Release|Any CPU.Deploy.0 = Release|Any CPU
		{D8178B7C-D4C7-4D26-90A5-F879F5DFCA22}.Release|ARM.ActiveCfg = Release|Any CPU
		{D8178B7C-D4C7-4D26-90A5-F879F5DFCA22}.Release|ARM.Build.0 = Release|Any CPU
		{D8178B7C-D4C7-4D26-90A5-F879F5DFCA22}.Release|ARM.Deploy.0 = Release|Any CPU
		{D8178B7C-D4C7-4D26-90A5-F879F5DFCA22}.Release|iPhone.ActiveCfg = Release|Any CPU
		{D8178B7C-D4C7-4D26-90A5-F879F5DFCA22}.Release|iPhone.Build.0 = Release|Any CPU
		{D8178B7C-D4C7-4D26-90A5-F879F5DFCA22}.Release|iPhone.Deploy.0 = Release|Any CPU
		{D8178B7C-D4C7-4D26-90A5-F879F5DFCA22}.Release|iPhoneSimulator.ActiveCfg = Release|Any CPU
		{D8178B7C-D4C7-4D26-90A5-F879F5DFCA22}.Release|iPhoneSimulator.Build.0 = Release|Any CPU
		{D8178B7C-D4C7-4D26-90A5-F879F5DFCA22}.Release|iPhoneSimulator.Deploy.0 = Release|Any CPU
		{D8178B7C-D4C7-4D26-90A5-F879F5DFCA22}.Release|x64.ActiveCfg = Release|Any CPU
		{D8178B7C-D4C7-4D26-90A5-F879F5DFCA22}.Release|x64.Build.0 = Release|Any CPU
		{D8178B7C-D4C7-4D26-90A5-F879F5DFCA22}.Release|x64.Deploy.0 = Release|Any CPU
		{D8178B7C-D4C7-4D26-90A5-F879F5DFCA22}.Release|x86.ActiveCfg = Release|Any CPU
		{D8178B7C-D4C7-4D26-90A5-F879F5DFCA22}.Release|x86.Build.0 = Release|Any CPU
		{D8178B7C-D4C7-4D26-90A5-F879F5DFCA22}.Release|x86.Deploy.0 = Release|Any CPU
		{AB5EAFA1-9117-4BC2-A8B1-F38A82FED9B2}.Ad-Hoc|Any CPU.ActiveCfg = Ad-Hoc|iPhone
		{AB5EAFA1-9117-4BC2-A8B1-F38A82FED9B2}.Ad-Hoc|ARM.ActiveCfg = Ad-Hoc|iPhone
		{AB5EAFA1-9117-4BC2-A8B1-F38A82FED9B2}.Ad-Hoc|iPhone.ActiveCfg = Ad-Hoc|iPhone
		{AB5EAFA1-9117-4BC2-A8B1-F38A82FED9B2}.Ad-Hoc|iPhone.Build.0 = Ad-Hoc|iPhone
		{AB5EAFA1-9117-4BC2-A8B1-F38A82FED9B2}.Ad-Hoc|iPhoneSimulator.ActiveCfg = Ad-Hoc|iPhoneSimulator
		{AB5EAFA1-9117-4BC2-A8B1-F38A82FED9B2}.Ad-Hoc|iPhoneSimulator.Build.0 = Ad-Hoc|iPhoneSimulator
		{AB5EAFA1-9117-4BC2-A8B1-F38A82FED9B2}.Ad-Hoc|x64.ActiveCfg = Ad-Hoc|iPhone
		{AB5EAFA1-9117-4BC2-A8B1-F38A82FED9B2}.Ad-Hoc|x86.ActiveCfg = Ad-Hoc|iPhone
		{AB5EAFA1-9117-4BC2-A8B1-F38A82FED9B2}.AppStore|Any CPU.ActiveCfg = AppStore|iPhone
		{AB5EAFA1-9117-4BC2-A8B1-F38A82FED9B2}.AppStore|ARM.ActiveCfg = AppStore|iPhone
		{AB5EAFA1-9117-4BC2-A8B1-F38A82FED9B2}.AppStore|iPhone.ActiveCfg = AppStore|iPhone
		{AB5EAFA1-9117-4BC2-A8B1-F38A82FED9B2}.AppStore|iPhone.Build.0 = AppStore|iPhone
		{AB5EAFA1-9117-4BC2-A8B1-F38A82FED9B2}.AppStore|iPhoneSimulator.ActiveCfg = AppStore|iPhoneSimulator
		{AB5EAFA1-9117-4BC2-A8B1-F38A82FED9B2}.AppStore|iPhoneSimulator.Build.0 = AppStore|iPhoneSimulator
		{AB5EAFA1-9117-4BC2-A8B1-F38A82FED9B2}.AppStore|x64.ActiveCfg = AppStore|iPhone
		{AB5EAFA1-9117-4BC2-A8B1-F38A82FED9B2}.AppStore|x86.ActiveCfg = AppStore|iPhone
		{AB5EAFA1-9117-4BC2-A8B1-F38A82FED9B2}.Debug|Any CPU.ActiveCfg = Debug|iPhone
		{AB5EAFA1-9117-4BC2-A8B1-F38A82FED9B2}.Debug|ARM.ActiveCfg = Debug|iPhone
		{AB5EAFA1-9117-4BC2-A8B1-F38A82FED9B2}.Debug|iPhone.ActiveCfg = Debug|iPhone
		{AB5EAFA1-9117-4BC2-A8B1-F38A82FED9B2}.Debug|iPhone.Build.0 = Debug|iPhone
		{AB5EAFA1-9117-4BC2-A8B1-F38A82FED9B2}.Debug|iPhoneSimulator.ActiveCfg = Debug|iPhoneSimulator
		{AB5EAFA1-9117-4BC2-A8B1-F38A82FED9B2}.Debug|iPhoneSimulator.Build.0 = Debug|iPhoneSimulator
		{AB5EAFA1-9117-4BC2-A8B1-F38A82FED9B2}.Debug|x64.ActiveCfg = Debug|iPhone
		{AB5EAFA1-9117-4BC2-A8B1-F38A82FED9B2}.Debug|x86.ActiveCfg = Debug|iPhone
		{AB5EAFA1-9117-4BC2-A8B1-F38A82FED9B2}.Release|Any CPU.ActiveCfg = Release|iPhone
		{AB5EAFA1-9117-4BC2-A8B1-F38A82FED9B2}.Release|ARM.ActiveCfg = Release|iPhone
		{AB5EAFA1-9117-4BC2-A8B1-F38A82FED9B2}.Release|iPhone.ActiveCfg = Release|iPhone
		{AB5EAFA1-9117-4BC2-A8B1-F38A82FED9B2}.Release|iPhone.Build.0 = Release|iPhone
		{AB5EAFA1-9117-4BC2-A8B1-F38A82FED9B2}.Release|iPhoneSimulator.ActiveCfg = Release|iPhoneSimulator
		{AB5EAFA1-9117-4BC2-A8B1-F38A82FED9B2}.Release|iPhoneSimulator.Build.0 = Release|iPhoneSimulator
		{AB5EAFA1-9117-4BC2-A8B1-F38A82FED9B2}.Release|x64.ActiveCfg = Release|iPhone
		{AB5EAFA1-9117-4BC2-A8B1-F38A82FED9B2}.Release|x86.ActiveCfg = Release|iPhone
		{6B8BDB00-E205-4A80-B7D3-CC3D6EE28879}.Ad-Hoc|Any CPU.ActiveCfg = Release|x86
		{6B8BDB00-E205-4A80-B7D3-CC3D6EE28879}.Ad-Hoc|Any CPU.Build.0 = Release|x86
		{6B8BDB00-E205-4A80-B7D3-CC3D6EE28879}.Ad-Hoc|Any CPU.Deploy.0 = Release|x86
		{6B8BDB00-E205-4A80-B7D3-CC3D6EE28879}.Ad-Hoc|ARM.ActiveCfg = Release|ARM
		{6B8BDB00-E205-4A80-B7D3-CC3D6EE28879}.Ad-Hoc|ARM.Build.0 = Release|ARM
		{6B8BDB00-E205-4A80-B7D3-CC3D6EE28879}.Ad-Hoc|ARM.Deploy.0 = Release|ARM
		{6B8BDB00-E205-4A80-B7D3-CC3D6EE28879}.Ad-Hoc|iPhone.ActiveCfg = Release|x86
		{6B8BDB00-E205-4A80-B7D3-CC3D6EE28879}.Ad-Hoc|iPhone.Build.0 = Release|x86
		{6B8BDB00-E205-4A80-B7D3-CC3D6EE28879}.Ad-Hoc|iPhone.Deploy.0 = Release|x86
		{6B8BDB00-E205-4A80-B7D3-CC3D6EE28879}.Ad-Hoc|iPhoneSimulator.ActiveCfg = Release|x86
		{6B8BDB00-E205-4A80-B7D3-CC3D6EE28879}.Ad-Hoc|iPhoneSimulator.Build.0 = Release|x86
		{6B8BDB00-E205-4A80-B7D3-CC3D6EE28879}.Ad-Hoc|iPhoneSimulator.Deploy.0 = Release|x86
		{6B8BDB00-E205-4A80-B7D3-CC3D6EE28879}.Ad-Hoc|x64.ActiveCfg = Release|x64
		{6B8BDB00-E205-4A80-B7D3-CC3D6EE28879}.Ad-Hoc|x64.Build.0 = Release|x64
		{6B8BDB00-E205-4A80-B7D3-CC3D6EE28879}.Ad-Hoc|x64.Deploy.0 = Release|x64
		{6B8BDB00-E205-4A80-B7D3-CC3D6EE28879}.Ad-Hoc|x86.ActiveCfg = Release|x86
		{6B8BDB00-E205-4A80-B7D3-CC3D6EE28879}.Ad-Hoc|x86.Build.0 = Release|x86
		{6B8BDB00-E205-4A80-B7D3-CC3D6EE28879}.Ad-Hoc|x86.Deploy.0 = Release|x86
		{6B8BDB00-E205-4A80-B7D3-CC3D6EE28879}.AppStore|Any CPU.ActiveCfg = Release|x86
		{6B8BDB00-E205-4A80-B7D3-CC3D6EE28879}.AppStore|Any CPU.Build.0 = Release|x86
		{6B8BDB00-E205-4A80-B7D3-CC3D6EE28879}.AppStore|Any CPU.Deploy.0 = Release|x86
		{6B8BDB00-E205-4A80-B7D3-CC3D6EE28879}.AppStore|ARM.ActiveCfg = Release|ARM
		{6B8BDB00-E205-4A80-B7D3-CC3D6EE28879}.AppStore|ARM.Build.0 = Release|ARM
		{6B8BDB00-E205-4A80-B7D3-CC3D6EE28879}.AppStore|ARM.Deploy.0 = Release|ARM
		{6B8BDB00-E205-4A80-B7D3-CC3D6EE28879}.AppStore|iPhone.ActiveCfg = Release|x86
		{6B8BDB00-E205-4A80-B7D3-CC3D6EE28879}.AppStore|iPhone.Build.0 = Release|x86
		{6B8BDB00-E205-4A80-B7D3-CC3D6EE28879}.AppStore|iPhone.Deploy.0 = Release|x86
		{6B8BDB00-E205-4A80-B7D3-CC3D6EE28879}.AppStore|iPhoneSimulator.ActiveCfg = Release|x86
		{6B8BDB00-E205-4A80-B7D3-CC3D6EE28879}.AppStore|iPhoneSimulator.Build.0 = Release|x86
		{6B8BDB00-E205-4A80-B7D3-CC3D6EE28879}.AppStore|iPhoneSimulator.Deploy.0 = Release|x86
		{6B8BDB00-E205-4A80-B7D3-CC3D6EE28879}.AppStore|x64.ActiveCfg = Release|x64
		{6B8BDB00-E205-4A80-B7D3-CC3D6EE28879}.AppStore|x64.Build.0 = Release|x64
		{6B8BDB00-E205-4A80-B7D3-CC3D6EE28879}.AppStore|x64.Deploy.0 = Release|x64
		{6B8BDB00-E205-4A80-B7D3-CC3D6EE28879}.AppStore|x86.ActiveCfg = Release|x86
		{6B8BDB00-E205-4A80-B7D3-CC3D6EE28879}.AppStore|x86.Build.0 = Release|x86
		{6B8BDB00-E205-4A80-B7D3-CC3D6EE28879}.AppStore|x86.Deploy.0 = Release|x86
		{6B8BDB00-E205-4A80-B7D3-CC3D6EE28879}.Debug|Any CPU.ActiveCfg = Debug|x86
		{6B8BDB00-E205-4A80-B7D3-CC3D6EE28879}.Debug|ARM.ActiveCfg = Debug|ARM
		{6B8BDB00-E205-4A80-B7D3-CC3D6EE28879}.Debug|ARM.Build.0 = Debug|ARM
		{6B8BDB00-E205-4A80-B7D3-CC3D6EE28879}.Debug|ARM.Deploy.0 = Debug|ARM
		{6B8BDB00-E205-4A80-B7D3-CC3D6EE28879}.Debug|iPhone.ActiveCfg = Debug|x86
		{6B8BDB00-E205-4A80-B7D3-CC3D6EE28879}.Debug|iPhoneSimulator.ActiveCfg = Debug|x86
		{6B8BDB00-E205-4A80-B7D3-CC3D6EE28879}.Debug|x64.ActiveCfg = Debug|x64
		{6B8BDB00-E205-4A80-B7D3-CC3D6EE28879}.Debug|x64.Build.0 = Debug|x64
		{6B8BDB00-E205-4A80-B7D3-CC3D6EE28879}.Debug|x64.Deploy.0 = Debug|x64
		{6B8BDB00-E205-4A80-B7D3-CC3D6EE28879}.Debug|x86.ActiveCfg = Debug|x86
		{6B8BDB00-E205-4A80-B7D3-CC3D6EE28879}.Debug|x86.Build.0 = Debug|x86
		{6B8BDB00-E205-4A80-B7D3-CC3D6EE28879}.Debug|x86.Deploy.0 = Debug|x86
		{6B8BDB00-E205-4A80-B7D3-CC3D6EE28879}.Release|Any CPU.ActiveCfg = Release|x86
		{6B8BDB00-E205-4A80-B7D3-CC3D6EE28879}.Release|ARM.ActiveCfg = Release|ARM
		{6B8BDB00-E205-4A80-B7D3-CC3D6EE28879}.Release|ARM.Build.0 = Release|ARM
		{6B8BDB00-E205-4A80-B7D3-CC3D6EE28879}.Release|ARM.Deploy.0 = Release|ARM
		{6B8BDB00-E205-4A80-B7D3-CC3D6EE28879}.Release|iPhone.ActiveCfg = Release|x86
		{6B8BDB00-E205-4A80-B7D3-CC3D6EE28879}.Release|iPhoneSimulator.ActiveCfg = Release|x86
		{6B8BDB00-E205-4A80-B7D3-CC3D6EE28879}.Release|x64.ActiveCfg = Release|x64
		{6B8BDB00-E205-4A80-B7D3-CC3D6EE28879}.Release|x64.Build.0 = Release|x64
		{6B8BDB00-E205-4A80-B7D3-CC3D6EE28879}.Release|x64.Deploy.0 = Release|x64
		{6B8BDB00-E205-4A80-B7D3-CC3D6EE28879}.Release|x86.ActiveCfg = Release|x86
		{6B8BDB00-E205-4A80-B7D3-CC3D6EE28879}.Release|x86.Build.0 = Release|x86
		{6B8BDB00-E205-4A80-B7D3-CC3D6EE28879}.Release|x86.Deploy.0 = Release|x86
	EndGlobalSection
	GlobalSection(SolutionProperties) = preSolution
		HideSolutionNode = FALSE
	EndGlobalSection
	GlobalSection(ExtensibilityGlobals) = postSolution
		SolutionGuid = {1207593D-E5A2-49D4-BC89-46D83D75889C}
	EndGlobalSection
EndGlobal
